
Microsoft Visual Studio Solution File, Format Version 12.00
# Visual Studio Version 16
VisualStudioVersion = 16.0.34031.81
MinimumVisualStudioVersion = 10.0.40219.1
Project("{8BC9CEB8-8B4A-11D0-8D11-00A0C91BC942}") = "Tic Toe Game", "Tic Toe Game.vcxproj", "{4DCB2D90-6BED-4D3E-9857-1DA346F78F11}"
EndProject
Global
	GlobalSection(SolutionConfigurationPlatforms) = preSolution
		Debug|x64 = Debug|x64
		Debug|x86 = Debug|x86
		Release|x64 = Release|x64
		Release|x86 = Release|x86
	EndGlobalSection
	GlobalSection(ProjectConfigurationPlatforms) = postSolution
		{4DCB2D90-6BED-4D3E-9857-1DA346F78F11}.Debug|x64.ActiveCfg = Debug|x64
		{4DCB2D90-6BED-4D3E-9857-1DA346F78F11}.Debug|x64.Build.0 = Debug|x64
		{4DCB2D90-6BED-4D3E-9857-1DA346F78F11}.Debug|x86.ActiveCfg = Debug|Win32
		{4DCB2D90-6BED-4D3E-9857-1DA346F78F11}.Debug|x86.Build.0 = Debug|Win32
		{4DCB2D90-6BED-4D3E-9857-1DA346F78F11}.Release|x64.ActiveCfg = Release|x64
		{4DCB2D90-6BED-4D3E-9857-1DA346F78F11}.Release|x64.Build.0 = Release|x64
		{4DCB2D90-6BED-4D3E-9857-1DA346F78F11}.Release|x86.ActiveCfg = Release|Win32
		{4DCB2D90-6BED-4D3E-9857-1DA346F78F11}.Release|x86.Build.0 = Release|Win32
	EndGlobalSection
	GlobalSection(SolutionProperties) = preSolution
		HideSolutionNode = FALSE
	EndGlobalSection
	GlobalSection(ExtensibilityGlobals) = postSolution
		SolutionGuid = {3ADC7382-FA19-41C8-98AE-F6F950329632}
	EndGlobalSection
EndGlobal
